// !$*UTF8*$!
{
	archiveVersion = 1;
	classes = {
	};
	objectVersion = 50;
	objects = {

/* Begin PBXBuildFile section */
		BB73987A24F392770023B14C /* AppDelegate.swift in Sources */ = {isa = PBXBuildFile; fileRef = BB73987924F392770023B14C /* AppDelegate.swift */; };
		BB73987C24F392770023B14C /* SceneDelegate.swift in Sources */ = {isa = PBXBuildFile; fileRef = BB73987B24F392770023B14C /* SceneDelegate.swift */; };
		BB73987E24F392770023B14C /* ViewController.swift in Sources */ = {isa = PBXBuildFile; fileRef = BB73987D24F392770023B14C /* ViewController.swift */; };
		BB73988124F392770023B14C /* Main.storyboard in Resources */ = {isa = PBXBuildFile; fileRef = BB73987F24F392770023B14C /* Main.storyboard */; };
		BB73988324F392790023B14C /* Assets.xcassets in Resources */ = {isa = PBXBuildFile; fileRef = BB73988224F392790023B14C /* Assets.xcassets */; };
		BB73988624F392790023B14C /* LaunchScreen.storyboard in Resources */ = {isa = PBXBuildFile; fileRef = BB73988424F392790023B14C /* LaunchScreen.storyboard */; };
		BB73989024F393EC0023B14C /* HomeViewController.swift in Sources */ = {isa = PBXBuildFile; fileRef = BB73988E24F393EC0023B14C /* HomeViewController.swift */; };
		BB73989124F393EC0023B14C /* HomeViewController.xib in Resources */ = {isa = PBXBuildFile; fileRef = BB73988F24F393EC0023B14C /* HomeViewController.xib */; };
/* End PBXBuildFile section */

/* Begin PBXFileReference section */
		BB73987624F392770023B14C /* swift 03 Magic Ball.app */ = {isa = PBXFileReference; explicitFileType = wrapper.application; includeInIndex = 0; path = "swift 03 Magic Ball.app"; sourceTree = BUILT_PRODUCTS_DIR; };
		BB73987924F392770023B14C /* AppDelegate.swift */ = {isa = PBXFileReference; lastKnownFileType = sourcecode.swift; path = AppDelegate.swift; sourceTree = "<group>"; };
		BB73987B24F392770023B14C /* SceneDelegate.swift */ = {isa = PBXFileReference; lastKnownFileType = sourcecode.swift; path = SceneDelegate.swift; sourceTree = "<group>"; };
		BB73987D24F392770023B14C /* ViewController.swift */ = {isa = PBXFileReference; lastKnownFileType = sourcecode.swift; path = ViewController.swift; sourceTree = "<group>"; };
		BB73988024F392770023B14C /* Base */ = {isa = PBXFileReference; lastKnownFileType = file.storyboard; name = Base; path = Base.lproj/Main.storyboard; sourceTree = "<group>"; };
		BB73988224F392790023B14C /* Assets.xcassets */ = {isa = PBXFileReference; lastKnownFileType = folder.assetcatalog; path = Assets.xcassets; sourceTree = "<group>"; };
		BB73988524F392790023B14C /* Base */ = {isa = PBXFileReference; lastKnownFileType = file.storyboard; name = Base; path = Base.lproj/LaunchScreen.storyboard; sourceTree = "<group>"; };
		BB73988724F392790023B14C /* Info.plist */ = {isa = PBXFileReference; lastKnownFileType = text.plist.xml; path = Info.plist; sourceTree = "<group>"; };
		BB73988E24F393EC0023B14C /* HomeViewController.swift */ = {isa = PBXFileReference; lastKnownFileType = sourcecode.swift; path = HomeViewController.swift; sourceTree = "<group>"; };
		BB73988F24F393EC0023B14C /* HomeViewController.xib */ = {isa = PBXFileReference; lastKnownFileType = file.xib; path = HomeViewController.xib; sourceTree = "<group>"; };
/* End PBXFileReference section */

/* Begin PBXFrameworksBuildPhase section */
		BB73987324F392770023B14C /* Frameworks */ = {
			isa = PBXFrameworksBuildPhase;
			buildActionMask = 2147483647;
			files = (
			);
			runOnlyForDeploymentPostprocessing = 0;
		};
/* End PBXFrameworksBuildPhase section */

/* Begin PBXGroup section */
		BB73986D24F392770023B14C = {
			isa = PBXGroup;
			children = (
				BB73987824F392770023B14C /* swift 03 Magic Ball */,
				BB73987724F392770023B14C /* Products */,
			);
			sourceTree = "<group>";
		};
		BB73987724F392770023B14C /* Products */ = {
			isa = PBXGroup;
			children = (
				BB73987624F392770023B14C /* swift 03 Magic Ball.app */,
			);
			name = Products;
			sourceTree = "<group>";
		};
		BB73987824F392770023B14C /* swift 03 Magic Ball */ = {
			isa = PBXGroup;
			children = (
				BB73988D24F393D40023B14C /* home */,
				BB73987924F392770023B14C /* AppDelegate.swift */,
				BB73987B24F392770023B14C /* SceneDelegate.swift */,
				BB73987D24F392770023B14C /* ViewController.swift */,
				BB73987F24F392770023B14C /* Main.storyboard */,
				BB73988224F392790023B14C /* Assets.xcassets */,
				BB73988424F392790023B14C /* LaunchScreen.storyboard */,
				BB73988724F392790023B14C /* Info.plist */,
			);
			path = "swift 03 Magic Ball";
			sourceTree = "<group>";
		};
		BB73988D24F393D40023B14C /* home */ = {
			isa = PBXGroup;
			children = (
				BB73988E24F393EC0023B14C /* HomeViewController.swift */,
				BB73988F24F393EC0023B14C /* HomeViewController.xib */,
			);
			path = home;
			sourceTree = "<group>";
		};
/* End PBXGroup section */

/* Begin PBXNativeTarget section */
		BB73987524F392770023B14C /* swift 03 Magic Ball */ = {
			isa = PBXNativeTarget;
			buildConfigurationList = BB73988A24F392790023B14C /* Build configuration list for PBXNativeTarget "swift 03 Magic Ball" */;
			buildPhases = (
				BB73987224F392770023B14C /* Sources */,
				BB73987324F392770023B14C /* Frameworks */,
				BB73987424F392770023B14C /* Resources */,
			);
			buildRules = (
			);
			dependencies = (
			);
			name = "swift 03 Magic Ball";
			productName = "swift 03 Magic Ball";
			productReference = BB73987624F392770023B14C /* swift 03 Magic Ball.app */;
			productType = "com.apple.product-type.application";
		};
/* End PBXNativeTarget section */

/* Begin PBXProject section */
		BB73986E24F392770023B14C /* Project object */ = {
			isa = PBXProject;
			attributes = {
				LastSwiftUpdateCheck = 1160;
				LastUpgradeCheck = 1160;
				ORGANIZATIONNAME = "Thanh Duong";
				TargetAttributes = {
					BB73987524F392770023B14C = {
						CreatedOnToolsVersion = 11.6;
					};
				};
			};
			buildConfigurationList = BB73987124F392770023B14C /* Build configuration list for PBXProject "swift 03 Magic Ball" */;
			compatibilityVersion = "Xcode 9.3";
			developmentRegion = en;
			hasScannedForEncodings = 0;
			knownRegions = (
				en,
				Base,
			);
			mainGroup = BB73986D24F392770023B14C;
			productRefGroup = BB73987724F392770023B14C /* Products */;
			projectDirPath = "";
			projectRoot = "";
			targets = (
				BB73987524F392770023B14C /* swift 03 Magic Ball */,
			);
		};
/* End PBXProject section */

/* Begin PBXResourcesBuildPhase section */
		BB73987424F392770023B14C /* Resources */ = {
			isa = PBXResourcesBuildPhase;
			buildActionMask = 2147483647;
			files = (
				BB73988624F392790023B14C /* LaunchScreen.storyboard in Resources */,
				BB73988324F392790023B14C /* Assets.xcassets in Resources */,
				BB73988124F392770023B14C /* Main.storyboard in Resources */,
				BB73989124F393EC0023B14C /* HomeViewController.xib in Resources */,
			);
			runOnlyForDeploymentPostprocessing = 0;
		};
/* End PBXResourcesBuildPhase section */

/* Begin PBXSourcesBuildPhase section */
		BB73987224F392770023B14C /* Sources */ = {
			isa = PBXSourcesBuildPhase;
			buildActionMask = 2147483647;
			files = (
				BB73987E24F392770023B14C /* ViewController.swift in Sources */,
				BB73987A24F392770023B14C /* AppDelegate.swift in Sources */,
				BB73987C24F392770023B14C /* SceneDelegate.swift in Sources */,
				BB73989024F393EC0023B14C /* HomeViewController.swift in Sources */,
			);
			runOnlyForDeploymentPostprocessing = 0;
		};
/* End PBXSourcesBuildPhase section */

/* Begin PBXVariantGroup section */
		BB73987F24F392770023B14C /* Main.storyboard */ = {
			isa = PBXVariantGroup;
			children = (
				BB73988024F392770023B14C /* Base */,
			);
			name = Main.storyboard;
			sourceTree = "<group>";
		};
		BB73988424F392790023B14C /* LaunchScreen.storyboard */ = {
			isa = PBXVariantGroup;
			children = (
				BB73988524F392790023B14C /* Base */,
			);
			name = LaunchScreen.storyboard;
			sourceTree = "<group>";
		};
/* End PBXVariantGroup section */

/* Begin XCBuildConfiguration section */
		BB73988824F392790023B14C /* Debug */ = {
			isa = XCBuildConfiguration;
			buildSettings = {
				ALWAYS_SEARCH_USER_PATHS = NO;
				CLANG_ANALYZER_NONNULL = YES;
				CLANG_ANALYZER_NUMBER_OBJECT_CONVERSION = YES_AGGRESSIVE;
				CLANG_CXX_LANGUAGE_STANDARD = "gnu++14";
				CLANG_CXX_LIBRARY = "libc++";
				CLANG_ENABLE_MODULES = YES;
				CLANG_ENABLE_OBJC_ARC = YES;
				CLANG_ENABLE_OBJC_WEAK = YES;
				CLANG_WARN_BLOCK_CAPTURE_AUTORELEASING = YES;
				CLANG_WARN_BOOL_CONVERSION = YES;
				CLANG_WARN_COMMA = YES;
				CLANG_WARN_CONSTANT_CONVERSION = YES;
				CLANG_WARN_DEPRECATED_OBJC_IMPLEMENTATIONS = YES;
				CLANG_WARN_DIRECT_OBJC_ISA_USAGE = YES_ERROR;
				CLANG_WARN_DOCUMENTATION_COMMENTS = YES;
				CLANG_WARN_EMPTY_BODY = YES;
				CLANG_WARN_ENUM_CONVERSION = YES;
				CLANG_WARN_INFINITE_RECURSION = YES;
				CLANG_WARN_INT_CONVERSION = YES;
				CLANG_WARN_NON_LITERAL_NULL_CONVERSION = YES;
				CLANG_WARN_OBJC_IMPLICIT_RETAIN_SELF = YES;
				CLANG_WARN_OBJC_LITERAL_CONVERSION = YES;
				CLANG_WARN_OBJC_ROOT_CLASS = YES_ERROR;
				CLANG_WARN_RANGE_LOOP_ANALYSIS = YES;
				CLANG_WARN_STRICT_PROTOTYPES = YES;
				CLANG_WARN_SUSPICIOUS_MOVE = YES;
				CLANG_WARN_UNGUARDED_AVAILABILITY = YES_AGGRESSIVE;
				CLANG_WARN_UNREACHABLE_CODE = YES;
				CLANG_WARN__DUPLICATE_METHOD_MATCH = YES;
				COPY_PHASE_STRIP = NO;
				DEBUG_INFORMATION_FORMAT = dwarf;
				ENABLE_STRICT_OBJC_MSGSEND = YES;
				ENABLE_TESTABILITY = YES;
				GCC_C_LANGUAGE_STANDARD = gnu11;
				GCC_DYNAMIC_NO_PIC = NO;
				GCC_NO_COMMON_BLOCKS = YES;
				GCC_OPTIMIZATION_LEVEL = 0;
				GCC_PREPROCESSOR_DEFINITIONS = (
					"DEBUG=1",
					"$(inherited)",
				);
				GCC_WARN_64_TO_32_BIT_CONVERSION = YES;
				GCC_WARN_ABOUT_RETURN_TYPE = YES_ERROR;
				GCC_WARN_UNDECLARED_SELECTOR = YES;
				GCC_WARN_UNINITIALIZED_AUTOS = YES_AGGRESSIVE;
				GCC_WARN_UNUSED_FUNCTION = YES;
				GCC_WARN_UNUSED_VARIABLE = YES;
				IPHONEOS_DEPLOYMENT_TARGET = 13.6;
				MTL_ENABLE_DEBUG_INFO = INCLUDE_SOURCE;
				MTL_FAST_MATH = YES;
				ONLY_ACTIVE_ARCH = YES;
				SDKROOT = iphoneos;
				SWIFT_ACTIVE_COMPILATION_CONDITIONS = DEBUG;
				SWIFT_OPTIMIZATION_LEVEL = "-Onone";
			};
			name = Debug;
		};
		BB73988924F392790023B14C /* Release */ = {
			isa = XCBuildConfiguration;
			buildSettings = {
				ALWAYS_SEARCH_USER_PATHS = NO;
				CLANG_ANALYZER_NONNULL = YES;
				CLANG_ANALYZER_NUMBER_OBJECT_CONVERSION = YES_AGGRESSIVE;
				CLANG_CXX_LANGUAGE_STANDARD = "gnu++14";
				CLANG_CXX_LIBRARY = "libc++";
				CLANG_ENABLE_MODULES = YES;
				CLANG_ENABLE_OBJC_ARC = YES;
				CLANG_ENABLE_OBJC_WEAK = YES;
				CLANG_WARN_BLOCK_CAPTURE_AUTORELEASING = YES;
				CLANG_WARN_BOOL_CONVERSION = YES;
				CLANG_WARN_COMMA = YES;
				CLANG_WARN_CONSTANT_CONVERSION = YES;
				CLANG_WARN_DEPRECATED_OBJC_IMPLEMENTATIONS = YES;
				CLANG_WARN_DIRECT_OBJC_ISA_USAGE = YES_ERROR;
				CLANG_WARN_DOCUMENTATION_COMMENTS = YES;
				CLANG_WARN_EMPTY_BODY = YES;
				CLANG_WARN_ENUM_CONVERSION = YES;
				CLANG_WARN_INFINITE_RECURSION = YES;
				CLANG_WARN_INT_CONVERSION = YES;
				CLANG_WARN_NON_LITERAL_NULL_CONVERSION = YES;
				CLANG_WARN_OBJC_IMPLICIT_RETAIN_SELF = YES;
				CLANG_WARN_OBJC_LITERAL_CONVERSION = YES;
				CLANG_WARN_OBJC_ROOT_CLASS = YES_ERROR;
				CLANG_WARN_RANGE_LOOP_ANALYSIS = YES;
				CLANG_WARN_STRICT_PROTOTYPES = YES;
				CLANG_WARN_SUSPICIOUS_MOVE = YES;
				CLANG_WARN_UNGUARDED_AVAILABILITY = YES_AGGRESSIVE;
				CLANG_WARN_UNREACHABLE_CODE = YES;
				CLANG_WARN__DUPLICATE_METHOD_MATCH = YES;
				COPY_PHASE_STRIP = NO;
				DEBUG_INFORMATION_FORMAT = "dwarf-with-dsym";
				ENABLE_NS_ASSERTIONS = NO;
				ENABLE_STRICT_OBJC_MSGSEND = YES;
				GCC_C_LANGUAGE_STANDARD = gnu11;
				GCC_NO_COMMON_BLOCKS = YES;
				GCC_WARN_64_TO_32_BIT_CONVERSION = YES;
				GCC_WARN_ABOUT_RETURN_TYPE = YES_ERROR;
				GCC_WARN_UNDECLARED_SELECTOR = YES;
				GCC_WARN_UNINITIALIZED_AUTOS = YES_AGGRESSIVE;
				GCC_WARN_UNUSED_FUNCTION = YES;
				GCC_WARN_UNUSED_VARIABLE = YES;
				IPHONEOS_DEPLOYMENT_TARGET = 13.6;
				MTL_ENABLE_DEBUG_INFO = NO;
				MTL_FAST_MATH = YES;
				SDKROOT = iphoneos;
				SWIFT_COMPILATION_MODE = wholemodule;
				SWIFT_OPTIMIZATION_LEVEL = "-O";
				VALIDATE_PRODUCT = YES;
			};
			name = Release;
		};
		BB73988B24F392790023B14C /* Debug */ = {
			isa = XCBuildConfiguration;
			buildSettings = {
				ASSETCATALOG_COMPILER_APPICON_NAME = AppIcon;
				CODE_SIGN_STYLE = Automatic;
				DEVELOPMENT_TEAM = 859994J2Y3;
				INFOPLIST_FILE = "swift 03 Magic Ball/Info.plist";
				LD_RUNPATH_SEARCH_PATHS = (
					"$(inherited)",
					"@executable_path/Frameworks",
				);
				PRODUCT_BUNDLE_IDENTIFIER = "thanh.duong.swift-03-Magic-Ball";
				PRODUCT_NAME = "$(TARGET_NAME)";
				SWIFT_VERSION = 5.0;
				TARGETED_DEVICE_FAMILY = "1,2";
			};
			name = Debug;
		};
		BB73988C24F392790023B14C /* Release */ = {
			isa = XCBuildConfiguration;
			buildSettings = {
				ASSETCATALOG_COMPILER_APPICON_NAME = AppIcon;
				CODE_SIGN_STYLE = Automatic;
				DEVELOPMENT_TEAM = 859994J2Y3;
				INFOPLIST_FILE = "swift 03 Magic Ball/Info.plist";
				LD_RUNPATH_SEARCH_PATHS = (
					"$(inherited)",
					"@executable_path/Frameworks",
				);
				PRODUCT_BUNDLE_IDENTIFIER = "thanh.duong.swift-03-Magic-Ball";
				PRODUCT_NAME = "$(TARGET_NAME)";
				SWIFT_VERSION = 5.0;
				TARGETED_DEVICE_FAMILY = "1,2";
			};
			name = Release;
		};
/* End XCBuildConfiguration section */

/* Begin XCConfigurationList section */
		BB73987124F392770023B14C /* Build configuration list for PBXProject "swift 03 Magic Ball" */ = {
			isa = XCConfigurationList;
			buildConfigurations = (
				BB73988824F392790023B14C /* Debug */,
				BB73988924F392790023B14C /* Release */,
			);
			defaultConfigurationIsVisible = 0;
			defaultConfigurationName = Release;
		};
		BB73988A24F392790023B14C /* Build configuration list for PBXNativeTarget "swift 03 Magic Ball" */ = {
			isa = XCConfigurationList;
			buildConfigurations = (
				BB73988B24F392790023B14C /* Debug */,
				BB73988C24F392790023B14C /* Release */,
			);
			defaultConfigurationIsVisible = 0;
			defaultConfigurationName = Release;
		};
/* End XCConfigurationList section */
	};
	rootObject = BB73986E24F392770023B14C /* Project object */;
}
