// !$*UTF8*$!
{
	archiveVersion = 1;
	classes = {
	};
	objectVersion = 50;
	objects = {

/* Begin PBXBuildFile section */
		BB4F5A3824F4FC54007DDA25 /* AppDelegate.swift in Sources */ = {isa = PBXBuildFile; fileRef = BB4F5A3724F4FC54007DDA25 /* AppDelegate.swift */; };
		BB4F5A3A24F4FC54007DDA25 /* SceneDelegate.swift in Sources */ = {isa = PBXBuildFile; fileRef = BB4F5A3924F4FC54007DDA25 /* SceneDelegate.swift */; };
		BB4F5A3C24F4FC54007DDA25 /* ViewController.swift in Sources */ = {isa = PBXBuildFile; fileRef = BB4F5A3B24F4FC54007DDA25 /* ViewController.swift */; };
		BB4F5A3F24F4FC54007DDA25 /* Main.storyboard in Resources */ = {isa = PBXBuildFile; fileRef = BB4F5A3D24F4FC54007DDA25 /* Main.storyboard */; };
		BB4F5A4124F4FC56007DDA25 /* Assets.xcassets in Resources */ = {isa = PBXBuildFile; fileRef = BB4F5A4024F4FC56007DDA25 /* Assets.xcassets */; };
		BB4F5A4424F4FC56007DDA25 /* LaunchScreen.storyboard in Resources */ = {isa = PBXBuildFile; fileRef = BB4F5A4224F4FC56007DDA25 /* LaunchScreen.storyboard */; };
		BB4F5A4E24F4FC88007DDA25 /* HomeViewController.swift in Sources */ = {isa = PBXBuildFile; fileRef = BB4F5A4C24F4FC88007DDA25 /* HomeViewController.swift */; };
		BB4F5A4F24F4FC88007DDA25 /* HomeViewController.xib in Resources */ = {isa = PBXBuildFile; fileRef = BB4F5A4D24F4FC88007DDA25 /* HomeViewController.xib */; };
		BB4F5A5224F5062D007DDA25 /* Question.swift in Sources */ = {isa = PBXBuildFile; fileRef = BB4F5A5124F5062D007DDA25 /* Question.swift */; };
		BB4F5A5424F5063F007DDA25 /* QuestionBank.swift in Sources */ = {isa = PBXBuildFile; fileRef = BB4F5A5324F5063F007DDA25 /* QuestionBank.swift */; };
/* End PBXBuildFile section */

/* Begin PBXFileReference section */
		BB4F5A3424F4FC54007DDA25 /* swift 05 Quizzler.app */ = {isa = PBXFileReference; explicitFileType = wrapper.application; includeInIndex = 0; path = "swift 05 Quizzler.app"; sourceTree = BUILT_PRODUCTS_DIR; };
		BB4F5A3724F4FC54007DDA25 /* AppDelegate.swift */ = {isa = PBXFileReference; lastKnownFileType = sourcecode.swift; path = AppDelegate.swift; sourceTree = "<group>"; };
		BB4F5A3924F4FC54007DDA25 /* SceneDelegate.swift */ = {isa = PBXFileReference; lastKnownFileType = sourcecode.swift; path = SceneDelegate.swift; sourceTree = "<group>"; };
		BB4F5A3B24F4FC54007DDA25 /* ViewController.swift */ = {isa = PBXFileReference; lastKnownFileType = sourcecode.swift; path = ViewController.swift; sourceTree = "<group>"; };
		BB4F5A3E24F4FC54007DDA25 /* Base */ = {isa = PBXFileReference; lastKnownFileType = file.storyboard; name = Base; path = Base.lproj/Main.storyboard; sourceTree = "<group>"; };
		BB4F5A4024F4FC56007DDA25 /* Assets.xcassets */ = {isa = PBXFileReference; lastKnownFileType = folder.assetcatalog; path = Assets.xcassets; sourceTree = "<group>"; };
		BB4F5A4324F4FC56007DDA25 /* Base */ = {isa = PBXFileReference; lastKnownFileType = file.storyboard; name = Base; path = Base.lproj/LaunchScreen.storyboard; sourceTree = "<group>"; };
		BB4F5A4524F4FC56007DDA25 /* Info.plist */ = {isa = PBXFileReference; lastKnownFileType = text.plist.xml; path = Info.plist; sourceTree = "<group>"; };
		BB4F5A4C24F4FC88007DDA25 /* HomeViewController.swift */ = {isa = PBXFileReference; lastKnownFileType = sourcecode.swift; path = HomeViewController.swift; sourceTree = "<group>"; };
		BB4F5A4D24F4FC88007DDA25 /* HomeViewController.xib */ = {isa = PBXFileReference; lastKnownFileType = file.xib; path = HomeViewController.xib; sourceTree = "<group>"; };
		BB4F5A5124F5062D007DDA25 /* Question.swift */ = {isa = PBXFileReference; lastKnownFileType = sourcecode.swift; path = Question.swift; sourceTree = "<group>"; };
		BB4F5A5324F5063F007DDA25 /* QuestionBank.swift */ = {isa = PBXFileReference; lastKnownFileType = sourcecode.swift; path = QuestionBank.swift; sourceTree = "<group>"; };
/* End PBXFileReference section */

/* Begin PBXFrameworksBuildPhase section */
		BB4F5A3124F4FC54007DDA25 /* Frameworks */ = {
			isa = PBXFrameworksBuildPhase;
			buildActionMask = 2147483647;
			files = (
			);
			runOnlyForDeploymentPostprocessing = 0;
		};
/* End PBXFrameworksBuildPhase section */

/* Begin PBXGroup section */
		BB4F5A2B24F4FC54007DDA25 = {
			isa = PBXGroup;
			children = (
				BB4F5A3624F4FC54007DDA25 /* swift 05 Quizzler */,
				BB4F5A3524F4FC54007DDA25 /* Products */,
			);
			sourceTree = "<group>";
		};
		BB4F5A3524F4FC54007DDA25 /* Products */ = {
			isa = PBXGroup;
			children = (
				BB4F5A3424F4FC54007DDA25 /* swift 05 Quizzler.app */,
			);
			name = Products;
			sourceTree = "<group>";
		};
		BB4F5A3624F4FC54007DDA25 /* swift 05 Quizzler */ = {
			isa = PBXGroup;
			children = (
				BB4F5A5024F505C2007DDA25 /* model */,
				BB4F5A4B24F4FC76007DDA25 /* home */,
				BB4F5A3724F4FC54007DDA25 /* AppDelegate.swift */,
				BB4F5A3924F4FC54007DDA25 /* SceneDelegate.swift */,
				BB4F5A3B24F4FC54007DDA25 /* ViewController.swift */,
				BB4F5A3D24F4FC54007DDA25 /* Main.storyboard */,
				BB4F5A4024F4FC56007DDA25 /* Assets.xcassets */,
				BB4F5A4224F4FC56007DDA25 /* LaunchScreen.storyboard */,
				BB4F5A4524F4FC56007DDA25 /* Info.plist */,
			);
			path = "swift 05 Quizzler";
			sourceTree = "<group>";
		};
		BB4F5A4B24F4FC76007DDA25 /* home */ = {
			isa = PBXGroup;
			children = (
				BB4F5A4C24F4FC88007DDA25 /* HomeViewController.swift */,
				BB4F5A4D24F4FC88007DDA25 /* HomeViewController.xib */,
			);
			path = home;
			sourceTree = "<group>";
		};
		BB4F5A5024F505C2007DDA25 /* model */ = {
			isa = PBXGroup;
			children = (
				BB4F5A5124F5062D007DDA25 /* Question.swift */,
				BB4F5A5324F5063F007DDA25 /* QuestionBank.swift */,
			);
			path = model;
			sourceTree = "<group>";
		};
/* End PBXGroup section */

/* Begin PBXNativeTarget section */
		BB4F5A3324F4FC54007DDA25 /* swift 05 Quizzler */ = {
			isa = PBXNativeTarget;
			buildConfigurationList = BB4F5A4824F4FC56007DDA25 /* Build configuration list for PBXNativeTarget "swift 05 Quizzler" */;
			buildPhases = (
				BB4F5A3024F4FC54007DDA25 /* Sources */,
				BB4F5A3124F4FC54007DDA25 /* Frameworks */,
				BB4F5A3224F4FC54007DDA25 /* Resources */,
			);
			buildRules = (
			);
			dependencies = (
			);
			name = "swift 05 Quizzler";
			productName = "swift 05 Quizzler";
			productReference = BB4F5A3424F4FC54007DDA25 /* swift 05 Quizzler.app */;
			productType = "com.apple.product-type.application";
		};
/* End PBXNativeTarget section */

/* Begin PBXProject section */
		BB4F5A2C24F4FC54007DDA25 /* Project object */ = {
			isa = PBXProject;
			attributes = {
				LastSwiftUpdateCheck = 1160;
				LastUpgradeCheck = 1160;
				ORGANIZATIONNAME = "Thanh Duong";
				TargetAttributes = {
					BB4F5A3324F4FC54007DDA25 = {
						CreatedOnToolsVersion = 11.6;
					};
				};
			};
			buildConfigurationList = BB4F5A2F24F4FC54007DDA25 /* Build configuration list for PBXProject "swift 05 Quizzler" */;
			compatibilityVersion = "Xcode 9.3";
			developmentRegion = en;
			hasScannedForEncodings = 0;
			knownRegions = (
				en,
				Base,
			);
			mainGroup = BB4F5A2B24F4FC54007DDA25;
			productRefGroup = BB4F5A3524F4FC54007DDA25 /* Products */;
			projectDirPath = "";
			projectRoot = "";
			targets = (
				BB4F5A3324F4FC54007DDA25 /* swift 05 Quizzler */,
			);
		};
/* End PBXProject section */

/* Begin PBXResourcesBuildPhase section */
		BB4F5A3224F4FC54007DDA25 /* Resources */ = {
			isa = PBXResourcesBuildPhase;
			buildActionMask = 2147483647;
			files = (
				BB4F5A4424F4FC56007DDA25 /* LaunchScreen.storyboard in Resources */,
				BB4F5A4124F4FC56007DDA25 /* Assets.xcassets in Resources */,
				BB4F5A3F24F4FC54007DDA25 /* Main.storyboard in Resources */,
				BB4F5A4F24F4FC88007DDA25 /* HomeViewController.xib in Resources */,
			);
			runOnlyForDeploymentPostprocessing = 0;
		};
/* End PBXResourcesBuildPhase section */

/* Begin PBXSourcesBuildPhase section */
		BB4F5A3024F4FC54007DDA25 /* Sources */ = {
			isa = PBXSourcesBuildPhase;
			buildActionMask = 2147483647;
			files = (
				BB4F5A5224F5062D007DDA25 /* Question.swift in Sources */,
				BB4F5A3C24F4FC54007DDA25 /* ViewController.swift in Sources */,
				BB4F5A3824F4FC54007DDA25 /* AppDelegate.swift in Sources */,
				BB4F5A3A24F4FC54007DDA25 /* SceneDelegate.swift in Sources */,
				BB4F5A4E24F4FC88007DDA25 /* HomeViewController.swift in Sources */,
				BB4F5A5424F5063F007DDA25 /* QuestionBank.swift in Sources */,
			);
			runOnlyForDeploymentPostprocessing = 0;
		};
/* End PBXSourcesBuildPhase section */

/* Begin PBXVariantGroup section */
		BB4F5A3D24F4FC54007DDA25 /* Main.storyboard */ = {
			isa = PBXVariantGroup;
			children = (
				BB4F5A3E24F4FC54007DDA25 /* Base */,
			);
			name = Main.storyboard;
			sourceTree = "<group>";
		};
		BB4F5A4224F4FC56007DDA25 /* LaunchScreen.storyboard */ = {
			isa = PBXVariantGroup;
			children = (
				BB4F5A4324F4FC56007DDA25 /* Base */,
			);
			name = LaunchScreen.storyboard;
			sourceTree = "<group>";
		};
/* End PBXVariantGroup section */

/* Begin XCBuildConfiguration section */
		BB4F5A4624F4FC56007DDA25 /* Debug */ = {
			isa = XCBuildConfiguration;
			buildSettings = {
				ALWAYS_SEARCH_USER_PATHS = NO;
				CLANG_ANALYZER_NONNULL = YES;
				CLANG_ANALYZER_NUMBER_OBJECT_CONVERSION = YES_AGGRESSIVE;
				CLANG_CXX_LANGUAGE_STANDARD = "gnu++14";
				CLANG_CXX_LIBRARY = "libc++";
				CLANG_ENABLE_MODULES = YES;
				CLANG_ENABLE_OBJC_ARC = YES;
				CLANG_ENABLE_OBJC_WEAK = YES;
				CLANG_WARN_BLOCK_CAPTURE_AUTORELEASING = YES;
				CLANG_WARN_BOOL_CONVERSION = YES;
				CLANG_WARN_COMMA = YES;
				CLANG_WARN_CONSTANT_CONVERSION = YES;
				CLANG_WARN_DEPRECATED_OBJC_IMPLEMENTATIONS = YES;
				CLANG_WARN_DIRECT_OBJC_ISA_USAGE = YES_ERROR;
				CLANG_WARN_DOCUMENTATION_COMMENTS = YES;
				CLANG_WARN_EMPTY_BODY = YES;
				CLANG_WARN_ENUM_CONVERSION = YES;
				CLANG_WARN_INFINITE_RECURSION = YES;
				CLANG_WARN_INT_CONVERSION = YES;
				CLANG_WARN_NON_LITERAL_NULL_CONVERSION = YES;
				CLANG_WARN_OBJC_IMPLICIT_RETAIN_SELF = YES;
				CLANG_WARN_OBJC_LITERAL_CONVERSION = YES;
				CLANG_WARN_OBJC_ROOT_CLASS = YES_ERROR;
				CLANG_WARN_RANGE_LOOP_ANALYSIS = YES;
				CLANG_WARN_STRICT_PROTOTYPES = YES;
				CLANG_WARN_SUSPICIOUS_MOVE = YES;
				CLANG_WARN_UNGUARDED_AVAILABILITY = YES_AGGRESSIVE;
				CLANG_WARN_UNREACHABLE_CODE = YES;
				CLANG_WARN__DUPLICATE_METHOD_MATCH = YES;
				COPY_PHASE_STRIP = NO;
				DEBUG_INFORMATION_FORMAT = dwarf;
				ENABLE_STRICT_OBJC_MSGSEND = YES;
				ENABLE_TESTABILITY = YES;
				GCC_C_LANGUAGE_STANDARD = gnu11;
				GCC_DYNAMIC_NO_PIC = NO;
				GCC_NO_COMMON_BLOCKS = YES;
				GCC_OPTIMIZATION_LEVEL = 0;
				GCC_PREPROCESSOR_DEFINITIONS = (
					"DEBUG=1",
					"$(inherited)",
				);
				GCC_WARN_64_TO_32_BIT_CONVERSION = YES;
				GCC_WARN_ABOUT_RETURN_TYPE = YES_ERROR;
				GCC_WARN_UNDECLARED_SELECTOR = YES;
				GCC_WARN_UNINITIALIZED_AUTOS = YES_AGGRESSIVE;
				GCC_WARN_UNUSED_FUNCTION = YES;
				GCC_WARN_UNUSED_VARIABLE = YES;
				IPHONEOS_DEPLOYMENT_TARGET = 13.6;
				MTL_ENABLE_DEBUG_INFO = INCLUDE_SOURCE;
				MTL_FAST_MATH = YES;
				ONLY_ACTIVE_ARCH = YES;
				SDKROOT = iphoneos;
				SWIFT_ACTIVE_COMPILATION_CONDITIONS = DEBUG;
				SWIFT_OPTIMIZATION_LEVEL = "-Onone";
			};
			name = Debug;
		};
		BB4F5A4724F4FC56007DDA25 /* Release */ = {
			isa = XCBuildConfiguration;
			buildSettings = {
				ALWAYS_SEARCH_USER_PATHS = NO;
				CLANG_ANALYZER_NONNULL = YES;
				CLANG_ANALYZER_NUMBER_OBJECT_CONVERSION = YES_AGGRESSIVE;
				CLANG_CXX_LANGUAGE_STANDARD = "gnu++14";
				CLANG_CXX_LIBRARY = "libc++";
				CLANG_ENABLE_MODULES = YES;
				CLANG_ENABLE_OBJC_ARC = YES;
				CLANG_ENABLE_OBJC_WEAK = YES;
				CLANG_WARN_BLOCK_CAPTURE_AUTORELEASING = YES;
				CLANG_WARN_BOOL_CONVERSION = YES;
				CLANG_WARN_COMMA = YES;
				CLANG_WARN_CONSTANT_CONVERSION = YES;
				CLANG_WARN_DEPRECATED_OBJC_IMPLEMENTATIONS = YES;
				CLANG_WARN_DIRECT_OBJC_ISA_USAGE = YES_ERROR;
				CLANG_WARN_DOCUMENTATION_COMMENTS = YES;
				CLANG_WARN_EMPTY_BODY = YES;
				CLANG_WARN_ENUM_CONVERSION = YES;
				CLANG_WARN_INFINITE_RECURSION = YES;
				CLANG_WARN_INT_CONVERSION = YES;
				CLANG_WARN_NON_LITERAL_NULL_CONVERSION = YES;
				CLANG_WARN_OBJC_IMPLICIT_RETAIN_SELF = YES;
				CLANG_WARN_OBJC_LITERAL_CONVERSION = YES;
				CLANG_WARN_OBJC_ROOT_CLASS = YES_ERROR;
				CLANG_WARN_RANGE_LOOP_ANALYSIS = YES;
				CLANG_WARN_STRICT_PROTOTYPES = YES;
				CLANG_WARN_SUSPICIOUS_MOVE = YES;
				CLANG_WARN_UNGUARDED_AVAILABILITY = YES_AGGRESSIVE;
				CLANG_WARN_UNREACHABLE_CODE = YES;
				CLANG_WARN__DUPLICATE_METHOD_MATCH = YES;
				COPY_PHASE_STRIP = NO;
				DEBUG_INFORMATION_FORMAT = "dwarf-with-dsym";
				ENABLE_NS_ASSERTIONS = NO;
				ENABLE_STRICT_OBJC_MSGSEND = YES;
				GCC_C_LANGUAGE_STANDARD = gnu11;
				GCC_NO_COMMON_BLOCKS = YES;
				GCC_WARN_64_TO_32_BIT_CONVERSION = YES;
				GCC_WARN_ABOUT_RETURN_TYPE = YES_ERROR;
				GCC_WARN_UNDECLARED_SELECTOR = YES;
				GCC_WARN_UNINITIALIZED_AUTOS = YES_AGGRESSIVE;
				GCC_WARN_UNUSED_FUNCTION = YES;
				GCC_WARN_UNUSED_VARIABLE = YES;
				IPHONEOS_DEPLOYMENT_TARGET = 13.6;
				MTL_ENABLE_DEBUG_INFO = NO;
				MTL_FAST_MATH = YES;
				SDKROOT = iphoneos;
				SWIFT_COMPILATION_MODE = wholemodule;
				SWIFT_OPTIMIZATION_LEVEL = "-O";
				VALIDATE_PRODUCT = YES;
			};
			name = Release;
		};
		BB4F5A4924F4FC56007DDA25 /* Debug */ = {
			isa = XCBuildConfiguration;
			buildSettings = {
				ASSETCATALOG_COMPILER_APPICON_NAME = AppIcon;
				CODE_SIGN_STYLE = Automatic;
				DEVELOPMENT_TEAM = 859994J2Y3;
				INFOPLIST_FILE = "swift 05 Quizzler/Info.plist";
				LD_RUNPATH_SEARCH_PATHS = (
					"$(inherited)",
					"@executable_path/Frameworks",
				);
				PRODUCT_BUNDLE_IDENTIFIER = "thanh.duong.swift-05-Quizzler";
				PRODUCT_NAME = "$(TARGET_NAME)";
				SWIFT_VERSION = 5.0;
				TARGETED_DEVICE_FAMILY = "1,2";
			};
			name = Debug;
		};
		BB4F5A4A24F4FC56007DDA25 /* Release */ = {
			isa = XCBuildConfiguration;
			buildSettings = {
				ASSETCATALOG_COMPILER_APPICON_NAME = AppIcon;
				CODE_SIGN_STYLE = Automatic;
				DEVELOPMENT_TEAM = 859994J2Y3;
				INFOPLIST_FILE = "swift 05 Quizzler/Info.plist";
				LD_RUNPATH_SEARCH_PATHS = (
					"$(inherited)",
					"@executable_path/Frameworks",
				);
				PRODUCT_BUNDLE_IDENTIFIER = "thanh.duong.swift-05-Quizzler";
				PRODUCT_NAME = "$(TARGET_NAME)";
				SWIFT_VERSION = 5.0;
				TARGETED_DEVICE_FAMILY = "1,2";
			};
			name = Release;
		};
/* End XCBuildConfiguration section */

/* Begin XCConfigurationList section */
		BB4F5A2F24F4FC54007DDA25 /* Build configuration list for PBXProject "swift 05 Quizzler" */ = {
			isa = XCConfigurationList;
			buildConfigurations = (
				BB4F5A4624F4FC56007DDA25 /* Debug */,
				BB4F5A4724F4FC56007DDA25 /* Release */,
			);
			defaultConfigurationIsVisible = 0;
			defaultConfigurationName = Release;
		};
		BB4F5A4824F4FC56007DDA25 /* Build configuration list for PBXNativeTarget "swift 05 Quizzler" */ = {
			isa = XCConfigurationList;
			buildConfigurations = (
				BB4F5A4924F4FC56007DDA25 /* Debug */,
				BB4F5A4A24F4FC56007DDA25 /* Release */,
			);
			defaultConfigurationIsVisible = 0;
			defaultConfigurationName = Release;
		};
/* End XCConfigurationList section */
	};
	rootObject = BB4F5A2C24F4FC54007DDA25 /* Project object */;
}
